// !$*UTF8*$!
{
	archiveVersion = 1;
	classes = {
	};
	objectVersion = 56;
	objects = {

/* Begin PBXBuildFile section */
		EF8CED1A2B18545B00FD2464 /* FlowLayoutView.swift in Sources */ = {isa = PBXBuildFile; fileRef = EF8CED192B18545B00FD2464 /* FlowLayoutView.swift */; };
		EFF308572B15B4D40050BFF1 /* FlowLayoutApp.swift in Sources */ = {isa = PBXBuildFile; fileRef = EFF308562B15B4D40050BFF1 /* FlowLayoutApp.swift */; };
		EFF308592B15B4D40050BFF1 /* ContentView.swift in Sources */ = {isa = PBXBuildFile; fileRef = EFF308582B15B4D40050BFF1 /* ContentView.swift */; };
		EFF3085B2B15B4D50050BFF1 /* Assets.xcassets in Resources */ = {isa = PBXBuildFile; fileRef = EFF3085A2B15B4D50050BFF1 /* Assets.xcassets */; };
		EFF3085E2B15B4D50050BFF1 /* Preview Assets.xcassets in Resources */ = {isa = PBXBuildFile; fileRef = EFF3085D2B15B4D50050BFF1 /* Preview Assets.xcassets */; };
		EFF308682B15B4D60050BFF1 /* FlowLayoutTests.swift in Sources */ = {isa = PBXBuildFile; fileRef = EFF308672B15B4D60050BFF1 /* FlowLayoutTests.swift */; };
		EFF308722B15B4D60050BFF1 /* FlowLayoutUITests.swift in Sources */ = {isa = PBXBuildFile; fileRef = EFF308712B15B4D60050BFF1 /* FlowLayoutUITests.swift */; };
		EFF308742B15B4D60050BFF1 /* FlowLayoutUITestsLaunchTests.swift in Sources */ = {isa = PBXBuildFile; fileRef = EFF308732B15B4D60050BFF1 /* FlowLayoutUITestsLaunchTests.swift */; };
/* End PBXBuildFile section */

/* Begin PBXContainerItemProxy section */
		EFF308642B15B4D60050BFF1 /* PBXContainerItemProxy */ = {
			isa = PBXContainerItemProxy;
			containerPortal = EFF3084B2B15B4D40050BFF1 /* Project object */;
			proxyType = 1;
			remoteGlobalIDString = EFF308522B15B4D40050BFF1;
			remoteInfo = FlowLayout;
		};
		EFF3086E2B15B4D60050BFF1 /* PBXContainerItemProxy */ = {
			isa = PBXContainerItemProxy;
			containerPortal = EFF3084B2B15B4D40050BFF1 /* Project object */;
			proxyType = 1;
			remoteGlobalIDString = EFF308522B15B4D40050BFF1;
			remoteInfo = FlowLayout;
		};
/* End PBXContainerItemProxy section */

/* Begin PBXFileReference section */
		EF8CED192B18545B00FD2464 /* FlowLayoutView.swift */ = {isa = PBXFileReference; lastKnownFileType = sourcecode.swift; path = FlowLayoutView.swift; sourceTree = "<group>"; };
		EFF308532B15B4D40050BFF1 /* FlowLayout.app */ = {isa = PBXFileReference; explicitFileType = wrapper.application; includeInIndex = 0; path = FlowLayout.app; sourceTree = BUILT_PRODUCTS_DIR; };
		EFF308562B15B4D40050BFF1 /* FlowLayoutApp.swift */ = {isa = PBXFileReference; lastKnownFileType = sourcecode.swift; path = FlowLayoutApp.swift; sourceTree = "<group>"; };
		EFF308582B15B4D40050BFF1 /* ContentView.swift */ = {isa = PBXFileReference; lastKnownFileType = sourcecode.swift; path = ContentView.swift; sourceTree = "<group>"; };
		EFF3085A2B15B4D50050BFF1 /* Assets.xcassets */ = {isa = PBXFileReference; lastKnownFileType = folder.assetcatalog; path = Assets.xcassets; sourceTree = "<group>"; };
		EFF3085D2B15B4D50050BFF1 /* Preview Assets.xcassets */ = {isa = PBXFileReference; lastKnownFileType = folder.assetcatalog; path = "Preview Assets.xcassets"; sourceTree = "<group>"; };
		EFF308632B15B4D60050BFF1 /* FlowLayoutTests.xctest */ = {isa = PBXFileReference; explicitFileType = wrapper.cfbundle; includeInIndex = 0; path = FlowLayoutTests.xctest; sourceTree = BUILT_PRODUCTS_DIR; };
		EFF308672B15B4D60050BFF1 /* FlowLayoutTests.swift */ = {isa = PBXFileReference; lastKnownFileType = sourcecode.swift; path = FlowLayoutTests.swift; sourceTree = "<group>"; };
		EFF3086D2B15B4D60050BFF1 /* FlowLayoutUITests.xctest */ = {isa = PBXFileReference; explicitFileType = wrapper.cfbundle; includeInIndex = 0; path = FlowLayoutUITests.xctest; sourceTree = BUILT_PRODUCTS_DIR; };
		EFF308712B15B4D60050BFF1 /* FlowLayoutUITests.swift */ = {isa = PBXFileReference; lastKnownFileType = sourcecode.swift; path = FlowLayoutUITests.swift; sourceTree = "<group>"; };
		EFF308732B15B4D60050BFF1 /* FlowLayoutUITestsLaunchTests.swift */ = {isa = PBXFileReference; lastKnownFileType = sourcecode.swift; path = FlowLayoutUITestsLaunchTests.swift; sourceTree = "<group>"; };
/* End PBXFileReference section */

/* Begin PBXFrameworksBuildPhase section */
		EFF308502B15B4D40050BFF1 /* Frameworks */ = {
			isa = PBXFrameworksBuildPhase;
			buildActionMask = 2147483647;
			files = (
			);
			runOnlyForDeploymentPostprocessing = 0;
		};
		EFF308602B15B4D60050BFF1 /* Frameworks */ = {
			isa = PBXFrameworksBuildPhase;
			buildActionMask = 2147483647;
			files = (
			);
			runOnlyForDeploymentPostprocessing = 0;
		};
		EFF3086A2B15B4D60050BFF1 /* Frameworks */ = {
			isa = PBXFrameworksBuildPhase;
			buildActionMask = 2147483647;
			files = (
			);
			runOnlyForDeploymentPostprocessing = 0;
		};
/* End PBXFrameworksBuildPhase section */

/* Begin PBXGroup section */
		EF8CED182B18545200FD2464 /* FlowLayoutView */ = {
			isa = PBXGroup;
			children = (
				EF8CED192B18545B00FD2464 /* FlowLayoutView.swift */,
			);
			path = FlowLayoutView;
			sourceTree = "<group>";
		};
		EFF3084A2B15B4D40050BFF1 = {
			isa = PBXGroup;
			children = (
				EFF308552B15B4D40050BFF1 /* FlowLayout */,
				EFF308662B15B4D60050BFF1 /* FlowLayoutTests */,
				EFF308702B15B4D60050BFF1 /* FlowLayoutUITests */,
				EFF308542B15B4D40050BFF1 /* Products */,
			);
			sourceTree = "<group>";
		};
		EFF308542B15B4D40050BFF1 /* Products */ = {
			isa = PBXGroup;
			children = (
				EFF308532B15B4D40050BFF1 /* FlowLayout.app */,
				EFF308632B15B4D60050BFF1 /* FlowLayoutTests.xctest */,
				EFF3086D2B15B4D60050BFF1 /* FlowLayoutUITests.xctest */,
			);
			name = Products;
			sourceTree = "<group>";
		};
		EFF308552B15B4D40050BFF1 /* FlowLayout */ = {
			isa = PBXGroup;
			children = (
				EF8CED182B18545200FD2464 /* FlowLayoutView */,
				EFF308562B15B4D40050BFF1 /* FlowLayoutApp.swift */,
				EFF308582B15B4D40050BFF1 /* ContentView.swift */,
				EFF3085A2B15B4D50050BFF1 /* Assets.xcassets */,
				EFF3085C2B15B4D50050BFF1 /* Preview Content */,
			);
			path = FlowLayout;
			sourceTree = "<group>";
		};
		EFF3085C2B15B4D50050BFF1 /* Preview Content */ = {
			isa = PBXGroup;
			children = (
				EFF3085D2B15B4D50050BFF1 /* Preview Assets.xcassets */,
			);
			path = "Preview Content";
			sourceTree = "<group>";
		};
		EFF308662B15B4D60050BFF1 /* FlowLayoutTests */ = {
			isa = PBXGroup;
			children = (
				EFF308672B15B4D60050BFF1 /* FlowLayoutTests.swift */,
			);
			path = FlowLayoutTests;
			sourceTree = "<group>";
		};
		EFF308702B15B4D60050BFF1 /* FlowLayoutUITests */ = {
			isa = PBXGroup;
			children = (
				EFF308712B15B4D60050BFF1 /* FlowLayoutUITests.swift */,
				EFF308732B15B4D60050BFF1 /* FlowLayoutUITestsLaunchTests.swift */,
			);
			path = FlowLayoutUITests;
			sourceTree = "<group>";
		};
/* End PBXGroup section */

/* Begin PBXNativeTarget section */
		EFF308522B15B4D40050BFF1 /* FlowLayout */ = {
			isa = PBXNativeTarget;
			buildConfigurationList = EFF308772B15B4D60050BFF1 /* Build configuration list for PBXNativeTarget "FlowLayout" */;
			buildPhases = (
				EFF3084F2B15B4D40050BFF1 /* Sources */,
				EFF308502B15B4D40050BFF1 /* Frameworks */,
				EFF308512B15B4D40050BFF1 /* Resources */,
			);
			buildRules = (
			);
			dependencies = (
			);
			name = FlowLayout;
			productName = FlowLayout;
			productReference = EFF308532B15B4D40050BFF1 /* FlowLayout.app */;
			productType = "com.apple.product-type.application";
		};
		EFF308622B15B4D60050BFF1 /* FlowLayoutTests */ = {
			isa = PBXNativeTarget;
			buildConfigurationList = EFF3087A2B15B4D60050BFF1 /* Build configuration list for PBXNativeTarget "FlowLayoutTests" */;
			buildPhases = (
				EFF3085F2B15B4D60050BFF1 /* Sources */,
				EFF308602B15B4D60050BFF1 /* Frameworks */,
				EFF308612B15B4D60050BFF1 /* Resources */,
			);
			buildRules = (
			);
			dependencies = (
				EFF308652B15B4D60050BFF1 /* PBXTargetDependency */,
			);
			name = FlowLayoutTests;
			productName = FlowLayoutTests;
			productReference = EFF308632B15B4D60050BFF1 /* FlowLayoutTests.xctest */;
			productType = "com.apple.product-type.bundle.unit-test";
		};
		EFF3086C2B15B4D60050BFF1 /* FlowLayoutUITests */ = {
			isa = PBXNativeTarget;
			buildConfigurationList = EFF3087D2B15B4D60050BFF1 /* Build configuration list for PBXNativeTarget "FlowLayoutUITests" */;
			buildPhases = (
				EFF308692B15B4D60050BFF1 /* Sources */,
				EFF3086A2B15B4D60050BFF1 /* Frameworks */,
				EFF3086B2B15B4D60050BFF1 /* Resources */,
			);
			buildRules = (
			);
			dependencies = (
				EFF3086F2B15B4D60050BFF1 /* PBXTargetDependency */,
			);
			name = FlowLayoutUITests;
			productName = FlowLayoutUITests;
			productReference = EFF3086D2B15B4D60050BFF1 /* FlowLayoutUITests.xctest */;
			productType = "com.apple.product-type.bundle.ui-testing";
		};
/* End PBXNativeTarget section */

/* Begin PBXProject section */
		EFF3084B2B15B4D40050BFF1 /* Project object */ = {
			isa = PBXProject;
			attributes = {
				BuildIndependentTargetsInParallel = 1;
				LastSwiftUpdateCheck = 1430;
				LastUpgradeCheck = 1430;
				TargetAttributes = {
					EFF308522B15B4D40050BFF1 = {
						CreatedOnToolsVersion = 14.3;
					};
					EFF308622B15B4D60050BFF1 = {
						CreatedOnToolsVersion = 14.3;
						TestTargetID = EFF308522B15B4D40050BFF1;
					};
					EFF3086C2B15B4D60050BFF1 = {
						CreatedOnToolsVersion = 14.3;
						TestTargetID = EFF308522B15B4D40050BFF1;
					};
				};
			};
			buildConfigurationList = EFF3084E2B15B4D40050BFF1 /* Build configuration list for PBXProject "FlowLayout" */;
			compatibilityVersion = "Xcode 14.0";
			developmentRegion = en;
			hasScannedForEncodings = 0;
			knownRegions = (
				en,
				Base,
			);
			mainGroup = EFF3084A2B15B4D40050BFF1;
			productRefGroup = EFF308542B15B4D40050BFF1 /* Products */;
			projectDirPath = "";
			projectRoot = "";
			targets = (
				EFF308522B15B4D40050BFF1 /* FlowLayout */,
				EFF308622B15B4D60050BFF1 /* FlowLayoutTests */,
				EFF3086C2B15B4D60050BFF1 /* FlowLayoutUITests */,
			);
		};
/* End PBXProject section */

/* Begin PBXResourcesBuildPhase section */
		EFF308512B15B4D40050BFF1 /* Resources */ = {
			isa = PBXResourcesBuildPhase;
			buildActionMask = 2147483647;
			files = (
				EFF3085E2B15B4D50050BFF1 /* Preview Assets.xcassets in Resources */,
				EFF3085B2B15B4D50050BFF1 /* Assets.xcassets in Resources */,
			);
			runOnlyForDeploymentPostprocessing = 0;
		};
		EFF308612B15B4D60050BFF1 /* Resources */ = {
			isa = PBXResourcesBuildPhase;
			buildActionMask = 2147483647;
			files = (
			);
			runOnlyForDeploymentPostprocessing = 0;
		};
		EFF3086B2B15B4D60050BFF1 /* Resources */ = {
			isa = PBXResourcesBuildPhase;
			buildActionMask = 2147483647;
			files = (
			);
			runOnlyForDeploymentPostprocessing = 0;
		};
/* End PBXResourcesBuildPhase section */

/* Begin PBXSourcesBuildPhase section */
		EFF3084F2B15B4D40050BFF1 /* Sources */ = {
			isa = PBXSourcesBuildPhase;
			buildActionMask = 2147483647;
			files = (
				EF8CED1A2B18545B00FD2464 /* FlowLayoutView.swift in Sources */,
				EFF308592B15B4D40050BFF1 /* ContentView.swift in Sources */,
				EFF308572B15B4D40050BFF1 /* FlowLayoutApp.swift in Sources */,
			);
			runOnlyForDeploymentPostprocessing = 0;
		};
		EFF3085F2B15B4D60050BFF1 /* Sources */ = {
			isa = PBXSourcesBuildPhase;
			buildActionMask = 2147483647;
			files = (
				EFF308682B15B4D60050BFF1 /* FlowLayoutTests.swift in Sources */,
			);
			runOnlyForDeploymentPostprocessing = 0;
		};
		EFF308692B15B4D60050BFF1 /* Sources */ = {
			isa = PBXSourcesBuildPhase;
			buildActionMask = 2147483647;
			files = (
				EFF308742B15B4D60050BFF1 /* FlowLayoutUITestsLaunchTests.swift in Sources */,
				EFF308722B15B4D60050BFF1 /* FlowLayoutUITests.swift in Sources */,
			);
			runOnlyForDeploymentPostprocessing = 0;
		};
/* End PBXSourcesBuildPhase section */

/* Begin PBXTargetDependency section */
		EFF308652B15B4D60050BFF1 /* PBXTargetDependency */ = {
			isa = PBXTargetDependency;
			target = EFF308522B15B4D40050BFF1 /* FlowLayout */;
			targetProxy = EFF308642B15B4D60050BFF1 /* PBXContainerItemProxy */;
		};
		EFF3086F2B15B4D60050BFF1 /* PBXTargetDependency */ = {
			isa = PBXTargetDependency;
			target = EFF308522B15B4D40050BFF1 /* FlowLayout */;
			targetProxy = EFF3086E2B15B4D60050BFF1 /* PBXContainerItemProxy */;
		};
/* End PBXTargetDependency section */

/* Begin XCBuildConfiguration section */
		EFF308752B15B4D60050BFF1 /* Debug */ = {
			isa = XCBuildConfiguration;
			buildSettings = {
				ALWAYS_SEARCH_USER_PATHS = NO;
				CLANG_ANALYZER_NONNULL = YES;
				CLANG_ANALYZER_NUMBER_OBJECT_CONVERSION = YES_AGGRESSIVE;
				CLANG_CXX_LANGUAGE_STANDARD = "gnu++20";
				CLANG_ENABLE_MODULES = YES;
				CLANG_ENABLE_OBJC_ARC = YES;
				CLANG_ENABLE_OBJC_WEAK = YES;
				CLANG_WARN_BLOCK_CAPTURE_AUTORELEASING = YES;
				CLANG_WARN_BOOL_CONVERSION = YES;
				CLANG_WARN_COMMA = YES;
				CLANG_WARN_CONSTANT_CONVERSION = YES;
				CLANG_WARN_DEPRECATED_OBJC_IMPLEMENTATIONS = YES;
				CLANG_WARN_DIRECT_OBJC_ISA_USAGE = YES_ERROR;
				CLANG_WARN_DOCUMENTATION_COMMENTS = YES;
				CLANG_WARN_EMPTY_BODY = YES;
				CLANG_WARN_ENUM_CONVERSION = YES;
				CLANG_WARN_INFINITE_RECURSION = YES;
				CLANG_WARN_INT_CONVERSION = YES;
				CLANG_WARN_NON_LITERAL_NULL_CONVERSION = YES;
				CLANG_WARN_OBJC_IMPLICIT_RETAIN_SELF = YES;
				CLANG_WARN_OBJC_LITERAL_CONVERSION = YES;
				CLANG_WARN_OBJC_ROOT_CLASS = YES_ERROR;
				CLANG_WARN_QUOTED_INCLUDE_IN_FRAMEWORK_HEADER = YES;
				CLANG_WARN_RANGE_LOOP_ANALYSIS = YES;
				CLANG_WARN_STRICT_PROTOTYPES = YES;
				CLANG_WARN_SUSPICIOUS_MOVE = YES;
				CLANG_WARN_UNGUARDED_AVAILABILITY = YES_AGGRESSIVE;
				CLANG_WARN_UNREACHABLE_CODE = YES;
				CLANG_WARN__DUPLICATE_METHOD_MATCH = YES;
				COPY_PHASE_STRIP = NO;
				DEBUG_INFORMATION_FORMAT = dwarf;
				ENABLE_STRICT_OBJC_MSGSEND = YES;
				ENABLE_TESTABILITY = YES;
				GCC_C_LANGUAGE_STANDARD = gnu11;
				GCC_DYNAMIC_NO_PIC = NO;
				GCC_NO_COMMON_BLOCKS = YES;
				GCC_OPTIMIZATION_LEVEL = 0;
				GCC_PREPROCESSOR_DEFINITIONS = (
					"DEBUG=1",
					"$(inherited)",
				);
				GCC_WARN_64_TO_32_BIT_CONVERSION = YES;
				GCC_WARN_ABOUT_RETURN_TYPE = YES_ERROR;
				GCC_WARN_UNDECLARED_SELECTOR = YES;
				GCC_WARN_UNINITIALIZED_AUTOS = YES_AGGRESSIVE;
				GCC_WARN_UNUSED_FUNCTION = YES;
				GCC_WARN_UNUSED_VARIABLE = YES;
				IPHONEOS_DEPLOYMENT_TARGET = 15.0;
				MTL_ENABLE_DEBUG_INFO = INCLUDE_SOURCE;
				MTL_FAST_MATH = YES;
				ONLY_ACTIVE_ARCH = YES;
				SDKROOT = iphoneos;
				SWIFT_ACTIVE_COMPILATION_CONDITIONS = DEBUG;
				SWIFT_OPTIMIZATION_LEVEL = "-Onone";
			};
			name = Debug;
		};
		EFF308762B15B4D60050BFF1 /* Release */ = {
			isa = XCBuildConfiguration;
			buildSettings = {
				ALWAYS_SEARCH_USER_PATHS = NO;
				CLANG_ANALYZER_NONNULL = YES;
				CLANG_ANALYZER_NUMBER_OBJECT_CONVERSION = YES_AGGRESSIVE;
				CLANG_CXX_LANGUAGE_STANDARD = "gnu++20";
				CLANG_ENABLE_MODULES = YES;
				CLANG_ENABLE_OBJC_ARC = YES;
				CLANG_ENABLE_OBJC_WEAK = YES;
				CLANG_WARN_BLOCK_CAPTURE_AUTORELEASING = YES;
				CLANG_WARN_BOOL_CONVERSION = YES;
				CLANG_WARN_COMMA = YES;
				CLANG_WARN_CONSTANT_CONVERSION = YES;
				CLANG_WARN_DEPRECATED_OBJC_IMPLEMENTATIONS = YES;
				CLANG_WARN_DIRECT_OBJC_ISA_USAGE = YES_ERROR;
				CLANG_WARN_DOCUMENTATION_COMMENTS = YES;
				CLANG_WARN_EMPTY_BODY = YES;
				CLANG_WARN_ENUM_CONVERSION = YES;
				CLANG_WARN_INFINITE_RECURSION = YES;
				CLANG_WARN_INT_CONVERSION = YES;
				CLANG_WARN_NON_LITERAL_NULL_CONVERSION = YES;
				CLANG_WARN_OBJC_IMPLICIT_RETAIN_SELF = YES;
				CLANG_WARN_OBJC_LITERAL_CONVERSION = YES;
				CLANG_WARN_OBJC_ROOT_CLASS = YES_ERROR;
				CLANG_WARN_QUOTED_INCLUDE_IN_FRAMEWORK_HEADER = YES;
				CLANG_WARN_RANGE_LOOP_ANALYSIS = YES;
				CLANG_WARN_STRICT_PROTOTYPES = YES;
				CLANG_WARN_SUSPICIOUS_MOVE = YES;
				CLANG_WARN_UNGUARDED_AVAILABILITY = YES_AGGRESSIVE;
				CLANG_WARN_UNREACHABLE_CODE = YES;
				CLANG_WARN__DUPLICATE_METHOD_MATCH = YES;
				COPY_PHASE_STRIP = NO;
				DEBUG_INFORMATION_FORMAT = "dwarf-with-dsym";
				ENABLE_NS_ASSERTIONS = NO;
				ENABLE_STRICT_OBJC_MSGSEND = YES;
				GCC_C_LANGUAGE_STANDARD = gnu11;
				GCC_NO_COMMON_BLOCKS = YES;
				GCC_WARN_64_TO_32_BIT_CONVERSION = YES;
				GCC_WARN_ABOUT_RETURN_TYPE = YES_ERROR;
				GCC_WARN_UNDECLARED_SELECTOR = YES;
				GCC_WARN_UNINITIALIZED_AUTOS = YES_AGGRESSIVE;
				GCC_WARN_UNUSED_FUNCTION = YES;
				GCC_WARN_UNUSED_VARIABLE = YES;
				IPHONEOS_DEPLOYMENT_TARGET = 15.0;
				MTL_ENABLE_DEBUG_INFO = NO;
				MTL_FAST_MATH = YES;
				SDKROOT = iphoneos;
				SWIFT_COMPILATION_MODE = wholemodule;
				SWIFT_OPTIMIZATION_LEVEL = "-O";
				VALIDATE_PRODUCT = YES;
			};
			name = Release;
		};
		EFF308782B15B4D60050BFF1 /* Debug */ = {
			isa = XCBuildConfiguration;
			buildSettings = {
				ASSETCATALOG_COMPILER_APPICON_NAME = AppIcon;
				ASSETCATALOG_COMPILER_GLOBAL_ACCENT_COLOR_NAME = AccentColor;
				CODE_SIGN_STYLE = Automatic;
				CURRENT_PROJECT_VERSION = 1;
				DEVELOPMENT_ASSET_PATHS = "\"FlowLayout/Preview Content\"";
				DEVELOPMENT_TEAM = JA868URLCA;
				ENABLE_PREVIEWS = YES;
				GENERATE_INFOPLIST_FILE = YES;
				INFOPLIST_KEY_UIApplicationSceneManifest_Generation = YES;
				INFOPLIST_KEY_UIApplicationSupportsIndirectInputEvents = YES;
				INFOPLIST_KEY_UILaunchScreen_Generation = YES;
				INFOPLIST_KEY_UISupportedInterfaceOrientations_iPad = "UIInterfaceOrientationPortrait UIInterfaceOrientationPortraitUpsideDown UIInterfaceOrientationLandscapeLeft UIInterfaceOrientationLandscapeRight";
				INFOPLIST_KEY_UISupportedInterfaceOrientations_iPhone = "UIInterfaceOrientationPortrait UIInterfaceOrientationLandscapeLeft UIInterfaceOrientationLandscapeRight";
				IPHONEOS_DEPLOYMENT_TARGET = 15.0;
				LD_RUNPATH_SEARCH_PATHS = (
					"$(inherited)",
					"@executable_path/Frameworks",
				);
				MARKETING_VERSION = 1.0;
				PRODUCT_BUNDLE_IDENTIFIER = com.SimSangGab.FlowLayout;
				PRODUCT_NAME = "$(TARGET_NAME)";
				SWIFT_EMIT_LOC_STRINGS = YES;
				SWIFT_VERSION = 5.0;
				TARGETED_DEVICE_FAMILY = "1,2";
			};
			name = Debug;
		};
		EFF308792B15B4D60050BFF1 /* Release */ = {
			isa = XCBuildConfiguration;
			buildSettings = {
				ASSETCATALOG_COMPILER_APPICON_NAME = AppIcon;
				ASSETCATALOG_COMPILER_GLOBAL_ACCENT_COLOR_NAME = AccentColor;
				CODE_SIGN_STYLE = Automatic;
				CURRENT_PROJECT_VERSION = 1;
				DEVELOPMENT_ASSET_PATHS = "\"FlowLayout/Preview Content\"";
				DEVELOPMENT_TEAM = JA868URLCA;
				ENABLE_PREVIEWS = YES;
				GENERATE_INFOPLIST_FILE = YES;
				INFOPLIST_KEY_UIApplicationSceneManifest_Generation = YES;
				INFOPLIST_KEY_UIApplicationSupportsIndirectInputEvents = YES;
				INFOPLIST_KEY_UILaunchScreen_Generation = YES;
				INFOPLIST_KEY_UISupportedInterfaceOrientations_iPad = "UIInterfaceOrientationPortrait UIInterfaceOrientationPortraitUpsideDown UIInterfaceOrientationLandscapeLeft UIInterfaceOrientationLandscapeRight";
				INFOPLIST_KEY_UISupportedInterfaceOrientations_iPhone = "UIInterfaceOrientationPortrait UIInterfaceOrientationLandscapeLeft UIInterfaceOrientationLandscapeRight";
				IPHONEOS_DEPLOYMENT_TARGET = 15.0;
				LD_RUNPATH_SEARCH_PATHS = (
					"$(inherited)",
					"@executable_path/Frameworks",
				);
				MARKETING_VERSION = 1.0;
				PRODUCT_BUNDLE_IDENTIFIER = com.SimSangGab.FlowLayout;
				PRODUCT_NAME = "$(TARGET_NAME)";
				SWIFT_EMIT_LOC_STRINGS = YES;
				SWIFT_VERSION = 5.0;
				TARGETED_DEVICE_FAMILY = "1,2";
			};
			name = Release;
		};
		EFF3087B2B15B4D60050BFF1 /* Debug */ = {
			isa = XCBuildConfiguration;
			buildSettings = {
				ALWAYS_EMBED_SWIFT_STANDARD_LIBRARIES = YES;
				BUNDLE_LOADER = "$(TEST_HOST)";
				CODE_SIGN_STYLE = Automatic;
				CURRENT_PROJECT_VERSION = 1;
				DEVELOPMENT_TEAM = JA868URLCA;
				GENERATE_INFOPLIST_FILE = YES;
				IPHONEOS_DEPLOYMENT_TARGET = 16.4;
				MARKETING_VERSION = 1.0;
				PRODUCT_BUNDLE_IDENTIFIER = com.SimSangGab.FlowLayoutTests;
				PRODUCT_NAME = "$(TARGET_NAME)";
				SWIFT_EMIT_LOC_STRINGS = NO;
				SWIFT_VERSION = 5.0;
				TARGETED_DEVICE_FAMILY = "1,2";
				TEST_HOST = "$(BUILT_PRODUCTS_DIR)/FlowLayout.app/$(BUNDLE_EXECUTABLE_FOLDER_PATH)/FlowLayout";
			};
			name = Debug;
		};
		EFF3087C2B15B4D60050BFF1 /* Release */ = {
			isa = XCBuildConfiguration;
			buildSettings = {
				ALWAYS_EMBED_SWIFT_STANDARD_LIBRARIES = YES;
				BUNDLE_LOADER = "$(TEST_HOST)";
				CODE_SIGN_STYLE = Automatic;
				CURRENT_PROJECT_VERSION = 1;
				DEVELOPMENT_TEAM = JA868URLCA;
				GENERATE_INFOPLIST_FILE = YES;
				IPHONEOS_DEPLOYMENT_TARGET = 16.4;
				MARKETING_VERSION = 1.0;
				PRODUCT_BUNDLE_IDENTIFIER = com.SimSangGab.FlowLayoutTests;
				PRODUCT_NAME = "$(TARGET_NAME)";
				SWIFT_EMIT_LOC_STRINGS = NO;
				SWIFT_VERSION = 5.0;
				TARGETED_DEVICE_FAMILY = "1,2";
				TEST_HOST = "$(BUILT_PRODUCTS_DIR)/FlowLayout.app/$(BUNDLE_EXECUTABLE_FOLDER_PATH)/FlowLayout";
			};
			name = Release;
		};
		EFF3087E2B15B4D60050BFF1 /* Debug */ = {
			isa = XCBuildConfiguration;
			buildSettings = {
				ALWAYS_EMBED_SWIFT_STANDARD_LIBRARIES = YES;
				CODE_SIGN_STYLE = Automatic;
				CURRENT_PROJECT_VERSION = 1;
				DEVELOPMENT_TEAM = JA868URLCA;
				GENERATE_INFOPLIST_FILE = YES;
				MARKETING_VERSION = 1.0;
				PRODUCT_BUNDLE_IDENTIFIER = com.SimSangGab.FlowLayoutUITests;
				PRODUCT_NAME = "$(TARGET_NAME)";
				SWIFT_EMIT_LOC_STRINGS = NO;
				SWIFT_VERSION = 5.0;
				TARGETED_DEVICE_FAMILY = "1,2";
				TEST_TARGET_NAME = FlowLayout;
			};
			name = Debug;
		};
		EFF3087F2B15B4D60050BFF1 /* Release */ = {
			isa = XCBuildConfiguration;
			buildSettings = {
				ALWAYS_EMBED_SWIFT_STANDARD_LIBRARIES = YES;
				CODE_SIGN_STYLE = Automatic;
				CURRENT_PROJECT_VERSION = 1;
				DEVELOPMENT_TEAM = JA868URLCA;
				GENERATE_INFOPLIST_FILE = YES;
				MARKETING_VERSION = 1.0;
				PRODUCT_BUNDLE_IDENTIFIER = com.SimSangGab.FlowLayoutUITests;
				PRODUCT_NAME = "$(TARGET_NAME)";
				SWIFT_EMIT_LOC_STRINGS = NO;
				SWIFT_VERSION = 5.0;
				TARGETED_DEVICE_FAMILY = "1,2";
				TEST_TARGET_NAME = FlowLayout;
			};
			name = Release;
		};
/* End XCBuildConfiguration section */

/* Begin XCConfigurationList section */
		EFF3084E2B15B4D40050BFF1 /* Build configuration list for PBXProject "FlowLayout" */ = {
			isa = XCConfigurationList;
			buildConfigurations = (
				EFF308752B15B4D60050BFF1 /* Debug */,
				EFF308762B15B4D60050BFF1 /* Release */,
			);
			defaultConfigurationIsVisible = 0;
			defaultConfigurationName = Release;
		};
		EFF308772B15B4D60050BFF1 /* Build configuration list for PBXNativeTarget "FlowLayout" */ = {
			isa = XCConfigurationList;
			buildConfigurations = (
				EFF308782B15B4D60050BFF1 /* Debug */,
				EFF308792B15B4D60050BFF1 /* Release */,
			);
			defaultConfigurationIsVisible = 0;
			defaultConfigurationName = Release;
		};
		EFF3087A2B15B4D60050BFF1 /* Build configuration list for PBXNativeTarget "FlowLayoutTests" */ = {
			isa = XCConfigurationList;
			buildConfigurations = (
				EFF3087B2B15B4D60050BFF1 /* Debug */,
				EFF3087C2B15B4D60050BFF1 /* Release */,
			);
			defaultConfigurationIsVisible = 0;
			defaultConfigurationName = Release;
		};
		EFF3087D2B15B4D60050BFF1 /* Build configuration list for PBXNativeTarget "FlowLayoutUITests" */ = {
			isa = XCConfigurationList;
			buildConfigurations = (
				EFF3087E2B15B4D60050BFF1 /* Debug */,
				EFF3087F2B15B4D60050BFF1 /* Release */,
			);
			defaultConfigurationIsVisible = 0;
			defaultConfigurationName = Release;
		};
/* End XCConfigurationList section */
	};
	rootObject = EFF3084B2B15B4D40050BFF1 /* Project object */;
}
